
Microsoft Visual Studio Solution File, Format Version 12.00
# Visual Studio 14
VisualStudioVersion = 14.0.23107.0
MinimumVisualStudioVersion = 10.0.40219.1
Project("{2150E333-8FDC-42A3-9474-1A3956D46DE8}") = "Front", "Front", "{019ABBA8-E799-459F-A76E-3F474617DA98}"
EndProject
Project("{FAE04EC0-301F-11D3-BF4B-00C04F79EFBC}") = "CRM", "CRM\CRM.csproj", "{5DA0F911-93F0-4336-BF7C-DB1D645C9C5D}"
EndProject
Project("{2150E333-8FDC-42A3-9474-1A3956D46DE8}") = "Utils", "Utils", "{F0B60644-E671-4D30-AAE2-72FEBD8114BB}"
EndProject
Project("{FAE04EC0-301F-11D3-BF4B-00C04F79EFBC}") = "RoachoSLN.Web.MVC.Helpers", "RoachoSLN.Web.MVC.Helpers\RoachoSLN.Web.MVC.Helpers.csproj", "{8B7A4F5E-9140-43A3-94D1-15601FAFB56D}"
EndProject
Project("{2150E333-8FDC-42A3-9474-1A3956D46DE8}") = "Acceso a Datos", "Acceso a Datos", "{77321FCB-2370-4E98-8781-3F88EF3E9A97}"
EndProject
Project("{FAE04EC0-301F-11D3-BF4B-00C04F79EFBC}") = "RoachoSLN.DAL.CRM", "RoachoSLN.DAL.CRM\RoachoSLN.DAL.CRM.csproj", "{718DD5F4-395A-475E-8F1A-B6F025D46390}"
EndProject
Project("{2150E333-8FDC-42A3-9474-1A3956D46DE8}") = "Entidades", "Entidades", "{4266FE7D-398E-4C02-9D75-2CD1EFB39653}"
EndProject
Project("{FAE04EC0-301F-11D3-BF4B-00C04F79EFBC}") = "RoachoSLN.Entidades.CRM", "RoachoSLN.Entidades.CRM\RoachoSLN.Entidades.CRM.csproj", "{2AC2D649-42EB-4BEA-9D0D-F741842F49AB}"
EndProject
Project("{2150E333-8FDC-42A3-9474-1A3956D46DE8}") = "Objetos de Negocios", "Objetos de Negocios", "{96C6959F-3B2B-408B-9C36-5FF518BCE83C}"
EndProject
Project("{FAE04EC0-301F-11D3-BF4B-00C04F79EFBC}") = "RoachoSLN.BOL.CRM", "RoachoSLN.BOL.CRM\RoachoSLN.BOL.CRM.csproj", "{8D91DE8E-96E3-488C-A38B-EDE746835DD9}"
EndProject
Project("{FAE04EC0-301F-11D3-BF4B-00C04F79EFBC}") = "RoachoSLN.Web.MVC.TinyGrid", "RoachoSLN.Web.MVC.TinyGrid\RoachoSLN.Web.MVC.TinyGrid.csproj", "{A5FAE8D8-704B-4564-AD23-4B2D9AD09428}"
EndProject
Project("{2150E333-8FDC-42A3-9474-1A3956D46DE8}") = "Resource", "Resource", "{DE29E0F7-BC41-44E8-BFF3-0705819AFBCB}"
EndProject
Project("{FAE04EC0-301F-11D3-BF4B-00C04F79EFBC}") = "RoachoSLN.Resource", "RoachoSLN.Resource\RoachoSLN.Resource.csproj", "{738833F7-FB6C-4185-A0A1-645B3E9BAAE7}"
EndProject
Project("{FAE04EC0-301F-11D3-BF4B-00C04F79EFBC}") = "RoachoSLN.Web.MVC.Attributes", "RoachoSLN.Web.MVC.Attributes\RoachoSLN.Web.MVC.Attributes.csproj", "{F0DEB6BB-3ECC-4CA1-A651-73B63CB8C3C5}"
EndProject
Project("{FAE04EC0-301F-11D3-BF4B-00C04F79EFBC}") = "RoachoSLN.Entidades.Resultados", "RoachoSLN.Entidades.Resultados\RoachoSLN.Entidades.Resultados.csproj", "{1A86E309-2859-42FF-9744-3FCD0C169EEE}"
EndProject
Global
	GlobalSection(SolutionConfigurationPlatforms) = preSolution
		Debug|Any CPU = Debug|Any CPU
		Release|Any CPU = Release|Any CPU
	EndGlobalSection
	GlobalSection(ProjectConfigurationPlatforms) = postSolution
		{5DA0F911-93F0-4336-BF7C-DB1D645C9C5D}.Debug|Any CPU.ActiveCfg = Debug|Any CPU
		{5DA0F911-93F0-4336-BF7C-DB1D645C9C5D}.Debug|Any CPU.Build.0 = Debug|Any CPU
		{5DA0F911-93F0-4336-BF7C-DB1D645C9C5D}.Release|Any CPU.ActiveCfg = Release|Any CPU
		{5DA0F911-93F0-4336-BF7C-DB1D645C9C5D}.Release|Any CPU.Build.0 = Release|Any CPU
		{8B7A4F5E-9140-43A3-94D1-15601FAFB56D}.Debug|Any CPU.ActiveCfg = Debug|Any CPU
		{8B7A4F5E-9140-43A3-94D1-15601FAFB56D}.Debug|Any CPU.Build.0 = Debug|Any CPU
		{8B7A4F5E-9140-43A3-94D1-15601FAFB56D}.Release|Any CPU.ActiveCfg = Release|Any CPU
		{8B7A4F5E-9140-43A3-94D1-15601FAFB56D}.Release|Any CPU.Build.0 = Release|Any CPU
		{718DD5F4-395A-475E-8F1A-B6F025D46390}.Debug|Any CPU.ActiveCfg = Debug|Any CPU
		{718DD5F4-395A-475E-8F1A-B6F025D46390}.Debug|Any CPU.Build.0 = Debug|Any CPU
		{718DD5F4-395A-475E-8F1A-B6F025D46390}.Release|Any CPU.ActiveCfg = Release|Any CPU
		{718DD5F4-395A-475E-8F1A-B6F025D46390}.Release|Any CPU.Build.0 = Release|Any CPU
		{2AC2D649-42EB-4BEA-9D0D-F741842F49AB}.Debug|Any CPU.ActiveCfg = Debug|Any CPU
		{2AC2D649-42EB-4BEA-9D0D-F741842F49AB}.Debug|Any CPU.Build.0 = Debug|Any CPU
		{2AC2D649-42EB-4BEA-9D0D-F741842F49AB}.Release|Any CPU.ActiveCfg = Release|Any CPU
		{2AC2D649-42EB-4BEA-9D0D-F741842F49AB}.Release|Any CPU.Build.0 = Release|Any CPU
		{8D91DE8E-96E3-488C-A38B-EDE746835DD9}.Debug|Any CPU.ActiveCfg = Debug|Any CPU
		{8D91DE8E-96E3-488C-A38B-EDE746835DD9}.Debug|Any CPU.Build.0 = Debug|Any CPU
		{8D91DE8E-96E3-488C-A38B-EDE746835DD9}.Release|Any CPU.ActiveCfg = Release|Any CPU
		{8D91DE8E-96E3-488C-A38B-EDE746835DD9}.Release|Any CPU.Build.0 = Release|Any CPU
		{A5FAE8D8-704B-4564-AD23-4B2D9AD09428}.Debug|Any CPU.ActiveCfg = Debug|Any CPU
		{A5FAE8D8-704B-4564-AD23-4B2D9AD09428}.Debug|Any CPU.Build.0 = Debug|Any CPU
		{A5FAE8D8-704B-4564-AD23-4B2D9AD09428}.Release|Any CPU.ActiveCfg = Release|Any CPU
		{A5FAE8D8-704B-4564-AD23-4B2D9AD09428}.Release|Any CPU.Build.0 = Release|Any CPU
		{738833F7-FB6C-4185-A0A1-645B3E9BAAE7}.Debug|Any CPU.ActiveCfg = Debug|Any CPU
		{738833F7-FB6C-4185-A0A1-645B3E9BAAE7}.Debug|Any CPU.Build.0 = Debug|Any CPU
		{738833F7-FB6C-4185-A0A1-645B3E9BAAE7}.Release|Any CPU.ActiveCfg = Release|Any CPU
		{738833F7-FB6C-4185-A0A1-645B3E9BAAE7}.Release|Any CPU.Build.0 = Release|Any CPU
		{F0DEB6BB-3ECC-4CA1-A651-73B63CB8C3C5}.Debug|Any CPU.ActiveCfg = Debug|Any CPU
		{F0DEB6BB-3ECC-4CA1-A651-73B63CB8C3C5}.Debug|Any CPU.Build.0 = Debug|Any CPU
		{F0DEB6BB-3ECC-4CA1-A651-73B63CB8C3C5}.Release|Any CPU.ActiveCfg = Release|Any CPU
		{F0DEB6BB-3ECC-4CA1-A651-73B63CB8C3C5}.Release|Any CPU.Build.0 = Release|Any CPU
		{1A86E309-2859-42FF-9744-3FCD0C169EEE}.Debug|Any CPU.ActiveCfg = Debug|Any CPU
		{1A86E309-2859-42FF-9744-3FCD0C169EEE}.Debug|Any CPU.Build.0 = Debug|Any CPU
		{1A86E309-2859-42FF-9744-3FCD0C169EEE}.Release|Any CPU.ActiveCfg = Release|Any CPU
		{1A86E309-2859-42FF-9744-3FCD0C169EEE}.Release|Any CPU.Build.0 = Release|Any CPU
	EndGlobalSection
	GlobalSection(SolutionProperties) = preSolution
		HideSolutionNode = FALSE
	EndGlobalSection
	GlobalSection(NestedProjects) = preSolution
		{5DA0F911-93F0-4336-BF7C-DB1D645C9C5D} = {019ABBA8-E799-459F-A76E-3F474617DA98}
		{8B7A4F5E-9140-43A3-94D1-15601FAFB56D} = {F0B60644-E671-4D30-AAE2-72FEBD8114BB}
		{718DD5F4-395A-475E-8F1A-B6F025D46390} = {77321FCB-2370-4E98-8781-3F88EF3E9A97}
		{2AC2D649-42EB-4BEA-9D0D-F741842F49AB} = {4266FE7D-398E-4C02-9D75-2CD1EFB39653}
		{8D91DE8E-96E3-488C-A38B-EDE746835DD9} = {96C6959F-3B2B-408B-9C36-5FF518BCE83C}
		{A5FAE8D8-704B-4564-AD23-4B2D9AD09428} = {F0B60644-E671-4D30-AAE2-72FEBD8114BB}
		{738833F7-FB6C-4185-A0A1-645B3E9BAAE7} = {DE29E0F7-BC41-44E8-BFF3-0705819AFBCB}
		{F0DEB6BB-3ECC-4CA1-A651-73B63CB8C3C5} = {F0B60644-E671-4D30-AAE2-72FEBD8114BB}
		{1A86E309-2859-42FF-9744-3FCD0C169EEE} = {4266FE7D-398E-4C02-9D75-2CD1EFB39653}
	EndGlobalSection
EndGlobal
